
Microsoft Visual Studio Solution File, Format Version 12.00
# Visual Studio Version 17
VisualStudioVersion = 17.0.31903.59
MinimumVisualStudioVersion = 10.0.40219.1
Project("{FAE04EC0-301F-11D3-BF4B-00C04F79EFBC}") = "class_", "class_.csproj", "{EEEC0085-145D-4FBF-B8E5-BAA71C7E8349}"
EndProject
Global
	GlobalSection(SolutionConfigurationPlatforms) = preSolution
		Debug|Any CPU = Debug|Any CPU
		Release|Any CPU = Release|Any CPU
	EndGlobalSection
	GlobalSection(ProjectConfigurationPlatforms) = postSolution
		{EEEC0085-145D-4FBF-B8E5-BAA71C7E8349}.Debug|Any CPU.ActiveCfg = Debug|Any CPU
		{EEEC0085-145D-4FBF-B8E5-BAA71C7E8349}.Debug|Any CPU.Build.0 = Debug|Any CPU
		{EEEC0085-145D-4FBF-B8E5-BAA71C7E8349}.Release|Any CPU.ActiveCfg = Release|Any CPU
		{EEEC0085-145D-4FBF-B8E5-BAA71C7E8349}.Release|Any CPU.Build.0 = Release|Any CPU
	EndGlobalSection
	GlobalSection(SolutionProperties) = preSolution
		HideSolutionNode = FALSE
	EndGlobalSection
	GlobalSection(ExtensibilityGlobals) = postSolution
		SolutionGuid = {B9DE2527-A882-40CC-831D-3B15EBB3FE4F}
	EndGlobalSection
EndGlobal
